
Microsoft Visual Studio Solution File, Format Version 12.00
Project("{FAE04EC0-301F-11D3-BF4B-00C04F79EFBC}") = "Kata1", "Kata1\Kata1.csproj", "{6EF75CA7-5DA0-4A87-8356-AC311205E2A9}"
EndProject
Project("{FAE04EC0-301F-11D3-BF4B-00C04F79EFBC}") = "MiniKata1", "MiniKata1\MiniKata1.csproj", "{5D6167BB-171D-47C2-89EA-74262CFCD8B3}"
EndProject
Project("{FAE04EC0-301F-11D3-BF4B-00C04F79EFBC}") = "MiniKata2", "MiniKata2\MiniKata2.csproj", "{8C31016D-6C03-43E7-BE6D-BBA2C90290E4}"
EndProject
Project("{FAE04EC0-301F-11D3-BF4B-00C04F79EFBC}") = "MiniKata3", "MiniKata3\MiniKata3.csproj", "{7BD9A703-321C-4C93-B098-48D0F72E4E9E}"
EndProject
Project("{FAE04EC0-301F-11D3-BF4B-00C04F79EFBC}") = "ExamKata", "ExamKata\ExamKata.csproj", "{B0A81690-8189-4515-A41C-99DED418B894}"
EndProject
Project("{FAE04EC0-301F-11D3-BF4B-00C04F79EFBC}") = "Kata2", "Kata2\Kata2.csproj", "{AB51DC68-04B2-4290-B44C-D66F5BF7C57E}"
EndProject
Project("{FAE04EC0-301F-11D3-BF4B-00C04F79EFBC}") = "MiniKata4", "MiniKata4\MiniKata4.csproj", "{6DACF7F0-E71B-42CA-8D74-27488F36D04D}"
EndProject
Project("{FAE04EC0-301F-11D3-BF4B-00C04F79EFBC}") = "Kata3", "Kata3\Kata3.csproj", "{12651D73-9218-4F62-B00E-48199F8D61DE}"
EndProject
Global
	GlobalSection(SolutionConfigurationPlatforms) = preSolution
		Debug|Any CPU = Debug|Any CPU
		Release|Any CPU = Release|Any CPU
	EndGlobalSection
	GlobalSection(ProjectConfigurationPlatforms) = postSolution
		{6EF75CA7-5DA0-4A87-8356-AC311205E2A9}.Debug|Any CPU.ActiveCfg = Debug|Any CPU
		{6EF75CA7-5DA0-4A87-8356-AC311205E2A9}.Debug|Any CPU.Build.0 = Debug|Any CPU
		{6EF75CA7-5DA0-4A87-8356-AC311205E2A9}.Release|Any CPU.ActiveCfg = Release|Any CPU
		{6EF75CA7-5DA0-4A87-8356-AC311205E2A9}.Release|Any CPU.Build.0 = Release|Any CPU
		{5D6167BB-171D-47C2-89EA-74262CFCD8B3}.Debug|Any CPU.ActiveCfg = Debug|Any CPU
		{5D6167BB-171D-47C2-89EA-74262CFCD8B3}.Debug|Any CPU.Build.0 = Debug|Any CPU
		{5D6167BB-171D-47C2-89EA-74262CFCD8B3}.Release|Any CPU.ActiveCfg = Release|Any CPU
		{5D6167BB-171D-47C2-89EA-74262CFCD8B3}.Release|Any CPU.Build.0 = Release|Any CPU
		{8C31016D-6C03-43E7-BE6D-BBA2C90290E4}.Debug|Any CPU.ActiveCfg = Debug|Any CPU
		{8C31016D-6C03-43E7-BE6D-BBA2C90290E4}.Debug|Any CPU.Build.0 = Debug|Any CPU
		{8C31016D-6C03-43E7-BE6D-BBA2C90290E4}.Release|Any CPU.ActiveCfg = Release|Any CPU
		{8C31016D-6C03-43E7-BE6D-BBA2C90290E4}.Release|Any CPU.Build.0 = Release|Any CPU
		{7BD9A703-321C-4C93-B098-48D0F72E4E9E}.Debug|Any CPU.ActiveCfg = Debug|Any CPU
		{7BD9A703-321C-4C93-B098-48D0F72E4E9E}.Debug|Any CPU.Build.0 = Debug|Any CPU
		{7BD9A703-321C-4C93-B098-48D0F72E4E9E}.Release|Any CPU.ActiveCfg = Release|Any CPU
		{7BD9A703-321C-4C93-B098-48D0F72E4E9E}.Release|Any CPU.Build.0 = Release|Any CPU
		{B0A81690-8189-4515-A41C-99DED418B894}.Debug|Any CPU.ActiveCfg = Debug|Any CPU
		{B0A81690-8189-4515-A41C-99DED418B894}.Debug|Any CPU.Build.0 = Debug|Any CPU
		{B0A81690-8189-4515-A41C-99DED418B894}.Release|Any CPU.ActiveCfg = Release|Any CPU
		{B0A81690-8189-4515-A41C-99DED418B894}.Release|Any CPU.Build.0 = Release|Any CPU
		{AB51DC68-04B2-4290-B44C-D66F5BF7C57E}.Debug|Any CPU.ActiveCfg = Debug|Any CPU
		{AB51DC68-04B2-4290-B44C-D66F5BF7C57E}.Debug|Any CPU.Build.0 = Debug|Any CPU
		{AB51DC68-04B2-4290-B44C-D66F5BF7C57E}.Release|Any CPU.ActiveCfg = Release|Any CPU
		{AB51DC68-04B2-4290-B44C-D66F5BF7C57E}.Release|Any CPU.Build.0 = Release|Any CPU
		{6DACF7F0-E71B-42CA-8D74-27488F36D04D}.Debug|Any CPU.ActiveCfg = Debug|Any CPU
		{6DACF7F0-E71B-42CA-8D74-27488F36D04D}.Debug|Any CPU.Build.0 = Debug|Any CPU
		{6DACF7F0-E71B-42CA-8D74-27488F36D04D}.Release|Any CPU.ActiveCfg = Release|Any CPU
		{6DACF7F0-E71B-42CA-8D74-27488F36D04D}.Release|Any CPU.Build.0 = Release|Any CPU
		{12651D73-9218-4F62-B00E-48199F8D61DE}.Debug|Any CPU.ActiveCfg = Debug|Any CPU
		{12651D73-9218-4F62-B00E-48199F8D61DE}.Debug|Any CPU.Build.0 = Debug|Any CPU
		{12651D73-9218-4F62-B00E-48199F8D61DE}.Release|Any CPU.ActiveCfg = Release|Any CPU
		{12651D73-9218-4F62-B00E-48199F8D61DE}.Release|Any CPU.Build.0 = Release|Any CPU
	EndGlobalSection
EndGlobal
